# This file is autogenerated, do not edit; changes may be undone by the next 'dep ensure'.


[[projects]]
  name = "github.com/Shopify/sarama"
  packages = ["."]
  revision = "675b0b1ff204c259877004140a540d6adf38db17"
  version = "v1.24.1"

[[projects]]
  branch = "master"
  name = "github.com/cavargas40/kafka-go"
  packages = ["consumer","producer"]
  revision = "b74e41b6f93b60ab3ee7909878c7eb5227656315"

[[projects]]
  name = "github.com/davecgh/go-spew"
  packages = ["spew"]
  revision = "8991bc29aa16c548c550c7ff78260e27b9ab7c73"
  version = "v1.1.1"

[[projects]]
  name = "github.com/eapache/go-resiliency"
  packages = ["breaker"]
  revision = "5efd2ed019fd331ec2defc6f3bd98882f1e3e636"
  version = "v1.2.0"

[[projects]]
  branch = "master"
  name = "github.com/eapache/go-xerial-snappy"
  packages = ["."]
  revision = "776d5712da21bc4762676d614db1d8a64f4238b0"

[[projects]]
  name = "github.com/eapache/queue"
  packages = ["."]
  revision = "44cc805cf13205b55f69e14bcb69867d1ae92f98"
  version = "v1.1.0"

[[projects]]
  name = "github.com/golang/snappy"
  packages = ["."]
  revision = "2a8bb927dd31d8daada140a5d09578521ce5c36a"
  version = "v0.0.1"

[[projects]]
  name = "github.com/hashicorp/go-uuid"
  packages = ["."]
  revision = "4f571afc59f3043a65f8fe6bf46d887b10a01d43"
  version = "v1.0.1"

[[projects]]
  name = "github.com/jcmturner/gofork"
  packages = ["encoding/asn1","x/crypto/pbkdf2"]
  revision = "dc7c13fece037a4a36e2b3c69db4991498d30692"
  version = "v1.0.0"

[[projects]]
  name = "github.com/klauspost/compress"
  packages = ["fse","huff0","snappy","zstd","zstd/internal/xxhash"]
  revision = "4e96aec082898e4dad17d8aca1a7e2d01362ff6c"
  version = "v1.9.2"

[[projects]]
  name = "github.com/pierrec/lz4"
  packages = [".","internal/xxh32"]
  revision = "645f9b948eee34cbcc335c70999f79c29c420fbf"
  version = "v2.3.0"

[[projects]]
  branch = "master"
  name = "github.com/rcrowley/go-metrics"
  packages = ["."]
  revision = "cac0b30c2563378d434b5af411844adff8e32960"

[[projects]]
  branch = "master"
  name = "golang.org/x/crypto"
  packages = ["md4","pbkdf2"]
  revision = "e1110fd1c708ef015366ea01799a23c459593c47"

[[projects]]
  branch = "master"
  name = "golang.org/x/net"
  packages = ["internal/socks","proxy"]
  revision = "2180aed2234323691e9fd264fb1d32d20ff04b27"

[[projects]]
  name = "gopkg.in/jcmturner/aescts.v1"
  packages = ["."]
  revision = "f6abebb3171c4c1b1fea279cb7c7325020a26290"
  version = "v1.0.1"

[[projects]]
  name = "gopkg.in/jcmturner/dnsutils.v1"
  packages = ["."]
  revision = "13eeb8d49ffb74d7a75784c35e4d900607a3943c"
  version = "v1.0.1"

[[projects]]
  name = "gopkg.in/jcmturner/gokrb5.v7"
  packages = ["asn1tools","client","config","credentials","crypto","crypto/common","crypto/etype","crypto/rfc3961","crypto/rfc3962","crypto/rfc4757","crypto/rfc8009","gssapi","iana","iana/addrtype","iana/adtype","iana/asnAppTag","iana/chksumtype","iana/errorcode","iana/etypeID","iana/flags","iana/keyusage","iana/msgtype","iana/nametype","iana/patype","kadmin","keytab","krberror","messages","pac","types"]
  revision = "363118e62befa8a14ff01031c025026077fe5d6d"
  version = "v7.3.0"

[[projects]]
  name = "gopkg.in/jcmturner/rpc.v1"
  packages = ["mstypes","ndr"]
  revision = "99a8ce2fbf8b8087b6ed12a37c61b10f04070043"
  version = "v1.1.0"

[solve-meta]
  analyzer-name = "dep"
  analyzer-version = 1
  inputs-digest = "49c0ccb46fb3da11cda9ad40ff7de170c780add57b3da1e6eec5f3c84c21c23b"
  solver-name = "gps-cdcl"
  solver-version = 1
